// !$*UTF8*$!
{
	archiveVersion = 1;
	classes = {
	};
	objectVersion = 50;
	objects = {

/* Begin PBXBuildFile section */
		DD2FC605227738170099EA81 /* RatingControl.swift in Sources */ = {isa = PBXBuildFile; fileRef = DD2FC604227738170099EA81 /* RatingControl.swift */; };
		DD38471B22776CA300A3B8B9 /* Meal.swift in Sources */ = {isa = PBXBuildFile; fileRef = DD38471A22776CA300A3B8B9 /* Meal.swift */; };
		DD38471D22777FC600A3B8B9 /* MealTableViewCell.swift in Sources */ = {isa = PBXBuildFile; fileRef = DD38471C22777FC600A3B8B9 /* MealTableViewCell.swift */; };
		DD38471F227831AD00A3B8B9 /* MealTableViewController.swift in Sources */ = {isa = PBXBuildFile; fileRef = DD38471E227831AD00A3B8B9 /* MealTableViewController.swift */; };
		DD558F0C22452C0D0002AC1A /* AppDelegate.swift in Sources */ = {isa = PBXBuildFile; fileRef = DD558F0B22452C0D0002AC1A /* AppDelegate.swift */; };
		DD558F0E22452C0D0002AC1A /* MealViewController.swift in Sources */ = {isa = PBXBuildFile; fileRef = DD558F0D22452C0D0002AC1A /* MealViewController.swift */; };
		DD558F1122452C0D0002AC1A /* Main.storyboard in Resources */ = {isa = PBXBuildFile; fileRef = DD558F0F22452C0D0002AC1A /* Main.storyboard */; };
		DD558F1322452C0E0002AC1A /* Assets.xcassets in Resources */ = {isa = PBXBuildFile; fileRef = DD558F1222452C0E0002AC1A /* Assets.xcassets */; };
		DD558F1622452C0E0002AC1A /* LaunchScreen.storyboard in Resources */ = {isa = PBXBuildFile; fileRef = DD558F1422452C0E0002AC1A /* LaunchScreen.storyboard */; };
		DD558F2122452C0F0002AC1A /* FoodTrackerTests.swift in Sources */ = {isa = PBXBuildFile; fileRef = DD558F2022452C0F0002AC1A /* FoodTrackerTests.swift */; };
/* End PBXBuildFile section */

/* Begin PBXContainerItemProxy section */
		DD558F1D22452C0F0002AC1A /* PBXContainerItemProxy */ = {
			isa = PBXContainerItemProxy;
			containerPortal = DD558F0022452C0D0002AC1A /* Project object */;
			proxyType = 1;
			remoteGlobalIDString = DD558F0722452C0D0002AC1A;
			remoteInfo = FoodTracker;
		};
/* End PBXContainerItemProxy section */

/* Begin PBXFileReference section */
		DD2FC604227738170099EA81 /* RatingControl.swift */ = {isa = PBXFileReference; lastKnownFileType = sourcecode.swift; path = RatingControl.swift; sourceTree = "<group>"; };
		DD38471A22776CA300A3B8B9 /* Meal.swift */ = {isa = PBXFileReference; lastKnownFileType = sourcecode.swift; path = Meal.swift; sourceTree = "<group>"; };
		DD38471C22777FC600A3B8B9 /* MealTableViewCell.swift */ = {isa = PBXFileReference; lastKnownFileType = sourcecode.swift; path = MealTableViewCell.swift; sourceTree = "<group>"; };
		DD38471E227831AD00A3B8B9 /* MealTableViewController.swift */ = {isa = PBXFileReference; lastKnownFileType = sourcecode.swift; path = MealTableViewController.swift; sourceTree = "<group>"; };
		DD558F0822452C0D0002AC1A /* FoodTracker.app */ = {isa = PBXFileReference; explicitFileType = wrapper.application; includeInIndex = 0; path = FoodTracker.app; sourceTree = BUILT_PRODUCTS_DIR; };
		DD558F0B22452C0D0002AC1A /* AppDelegate.swift */ = {isa = PBXFileReference; lastKnownFileType = sourcecode.swift; path = AppDelegate.swift; sourceTree = "<group>"; };
		DD558F0D22452C0D0002AC1A /* MealViewController.swift */ = {isa = PBXFileReference; lastKnownFileType = sourcecode.swift; path = MealViewController.swift; sourceTree = "<group>"; };
		DD558F1022452C0D0002AC1A /* Base */ = {isa = PBXFileReference; lastKnownFileType = file.storyboard; name = Base; path = Base.lproj/Main.storyboard; sourceTree = "<group>"; };
		DD558F1222452C0E0002AC1A /* Assets.xcassets */ = {isa = PBXFileReference; lastKnownFileType = folder.assetcatalog; path = Assets.xcassets; sourceTree = "<group>"; };
		DD558F1522452C0E0002AC1A /* Base */ = {isa = PBXFileReference; lastKnownFileType = file.storyboard; name = Base; path = Base.lproj/LaunchScreen.storyboard; sourceTree = "<group>"; };
		DD558F1722452C0E0002AC1A /* Info.plist */ = {isa = PBXFileReference; lastKnownFileType = text.plist.xml; path = Info.plist; sourceTree = "<group>"; };
		DD558F1C22452C0F0002AC1A /* FoodTrackerTests.xctest */ = {isa = PBXFileReference; explicitFileType = wrapper.cfbundle; includeInIndex = 0; path = FoodTrackerTests.xctest; sourceTree = BUILT_PRODUCTS_DIR; };
		DD558F2022452C0F0002AC1A /* FoodTrackerTests.swift */ = {isa = PBXFileReference; lastKnownFileType = sourcecode.swift; path = FoodTrackerTests.swift; sourceTree = "<group>"; };
		DD558F2222452C0F0002AC1A /* Info.plist */ = {isa = PBXFileReference; lastKnownFileType = text.plist.xml; path = Info.plist; sourceTree = "<group>"; };
/* End PBXFileReference section */

/* Begin PBXFrameworksBuildPhase section */
		DD558F0522452C0D0002AC1A /* Frameworks */ = {
			isa = PBXFrameworksBuildPhase;
			buildActionMask = 2147483647;
			files = (
			);
			runOnlyForDeploymentPostprocessing = 0;
		};
		DD558F1922452C0F0002AC1A /* Frameworks */ = {
			isa = PBXFrameworksBuildPhase;
			buildActionMask = 2147483647;
			files = (
			);
			runOnlyForDeploymentPostprocessing = 0;
		};
/* End PBXFrameworksBuildPhase section */

/* Begin PBXGroup section */
		DD558EFF22452C0D0002AC1A = {
			isa = PBXGroup;
			children = (
				DD558F0A22452C0D0002AC1A /* FoodTracker */,
				DD558F1F22452C0F0002AC1A /* FoodTrackerTests */,
				DD558F0922452C0D0002AC1A /* Products */,
			);
			sourceTree = "<group>";
		};
		DD558F0922452C0D0002AC1A /* Products */ = {
			isa = PBXGroup;
			children = (
				DD558F0822452C0D0002AC1A /* FoodTracker.app */,
				DD558F1C22452C0F0002AC1A /* FoodTrackerTests.xctest */,
			);
			name = Products;
			sourceTree = "<group>";
		};
		DD558F0A22452C0D0002AC1A /* FoodTracker */ = {
			isa = PBXGroup;
			children = (
				DD558F0B22452C0D0002AC1A /* AppDelegate.swift */,
				DD558F0D22452C0D0002AC1A /* MealViewController.swift */,
				DD38471A22776CA300A3B8B9 /* Meal.swift */,
				DD558F0F22452C0D0002AC1A /* Main.storyboard */,
				DD38471C22777FC600A3B8B9 /* MealTableViewCell.swift */,
				DD38471E227831AD00A3B8B9 /* MealTableViewController.swift */,
				DD2FC604227738170099EA81 /* RatingControl.swift */,
				DD558F1222452C0E0002AC1A /* Assets.xcassets */,
				DD558F1422452C0E0002AC1A /* LaunchScreen.storyboard */,
				DD558F1722452C0E0002AC1A /* Info.plist */,
			);
			path = FoodTracker;
			sourceTree = "<group>";
		};
		DD558F1F22452C0F0002AC1A /* FoodTrackerTests */ = {
			isa = PBXGroup;
			children = (
				DD558F2022452C0F0002AC1A /* FoodTrackerTests.swift */,
				DD558F2222452C0F0002AC1A /* Info.plist */,
			);
			path = FoodTrackerTests;
			sourceTree = "<group>";
		};
/* End PBXGroup section */

/* Begin PBXNativeTarget section */
		DD558F0722452C0D0002AC1A /* FoodTracker */ = {
			isa = PBXNativeTarget;
			buildConfigurationList = DD558F2522452C0F0002AC1A /* Build configuration list for PBXNativeTarget "FoodTracker" */;
			buildPhases = (
				DD558F0422452C0D0002AC1A /* Sources */,
				DD558F0522452C0D0002AC1A /* Frameworks */,
				DD558F0622452C0D0002AC1A /* Resources */,
			);
			buildRules = (
			);
			dependencies = (
			);
			name = FoodTracker;
			productName = FoodTracker;
			productReference = DD558F0822452C0D0002AC1A /* FoodTracker.app */;
			productType = "com.apple.product-type.application";
		};
		DD558F1B22452C0F0002AC1A /* FoodTrackerTests */ = {
			isa = PBXNativeTarget;
			buildConfigurationList = DD558F2822452C0F0002AC1A /* Build configuration list for PBXNativeTarget "FoodTrackerTests" */;
			buildPhases = (
				DD558F1822452C0F0002AC1A /* Sources */,
				DD558F1922452C0F0002AC1A /* Frameworks */,
				DD558F1A22452C0F0002AC1A /* Resources */,
			);
			buildRules = (
			);
			dependencies = (
				DD558F1E22452C0F0002AC1A /* PBXTargetDependency */,
			);
			name = FoodTrackerTests;
			productName = FoodTrackerTests;
			productReference = DD558F1C22452C0F0002AC1A /* FoodTrackerTests.xctest */;
			productType = "com.apple.product-type.bundle.unit-test";
		};
/* End PBXNativeTarget section */

/* Begin PBXProject section */
		DD558F0022452C0D0002AC1A /* Project object */ = {
			isa = PBXProject;
			attributes = {
				LastSwiftUpdateCheck = 1010;
				LastUpgradeCheck = 1010;
				TargetAttributes = {
					DD558F0722452C0D0002AC1A = {
						CreatedOnToolsVersion = 10.1;
					};
					DD558F1B22452C0F0002AC1A = {
						CreatedOnToolsVersion = 10.1;
						TestTargetID = DD558F0722452C0D0002AC1A;
					};
				};
			};
			buildConfigurationList = DD558F0322452C0D0002AC1A /* Build configuration list for PBXProject "FoodTracker" */;
			compatibilityVersion = "Xcode 9.3";
			developmentRegion = en;
			hasScannedForEncodings = 0;
			knownRegions = (
				en,
				Base,
			);
			mainGroup = DD558EFF22452C0D0002AC1A;
			productRefGroup = DD558F0922452C0D0002AC1A /* Products */;
			projectDirPath = "";
			projectRoot = "";
			targets = (
				DD558F0722452C0D0002AC1A /* FoodTracker */,
				DD558F1B22452C0F0002AC1A /* FoodTrackerTests */,
			);
		};
/* End PBXProject section */

/* Begin PBXResourcesBuildPhase section */
		DD558F0622452C0D0002AC1A /* Resources */ = {
			isa = PBXResourcesBuildPhase;
			buildActionMask = 2147483647;
			files = (
				DD558F1622452C0E0002AC1A /* LaunchScreen.storyboard in Resources */,
				DD558F1322452C0E0002AC1A /* Assets.xcassets in Resources */,
				DD558F1122452C0D0002AC1A /* Main.storyboard in Resources */,
			);
			runOnlyForDeploymentPostprocessing = 0;
		};
		DD558F1A22452C0F0002AC1A /* Resources */ = {
			isa = PBXResourcesBuildPhase;
			buildActionMask = 2147483647;
			files = (
			);
			runOnlyForDeploymentPostprocessing = 0;
		};
/* End PBXResourcesBuildPhase section */

/* Begin PBXSourcesBuildPhase section */
		DD558F0422452C0D0002AC1A /* Sources */ = {
			isa = PBXSourcesBuildPhase;
			buildActionMask = 2147483647;
			files = (
				DD38471B22776CA300A3B8B9 /* Meal.swift in Sources */,
				DD558F0E22452C0D0002AC1A /* MealViewController.swift in Sources */,
				DD2FC605227738170099EA81 /* RatingControl.swift in Sources */,
				DD558F0C22452C0D0002AC1A /* AppDelegate.swift in Sources */,
				DD38471F227831AD00A3B8B9 /* MealTableViewController.swift in Sources */,
				DD38471D22777FC600A3B8B9 /* MealTableViewCell.swift in Sources */,
			);
			runOnlyForDeploymentPostprocessing = 0;
		};
		DD558F1822452C0F0002AC1A /* Sources */ = {
			isa = PBXSourcesBuildPhase;
			buildActionMask = 2147483647;
			files = (
				DD558F2122452C0F0002AC1A /* FoodTrackerTests.swift in Sources */,
			);
			runOnlyForDeploymentPostprocessing = 0;
		};
/* End PBXSourcesBuildPhase section */

/* Begin PBXTargetDependency section */
		DD558F1E22452C0F0002AC1A /* PBXTargetDependency */ = {
			isa = PBXTargetDependency;
			target = DD558F0722452C0D0002AC1A /* FoodTracker */;
			targetProxy = DD558F1D22452C0F0002AC1A /* PBXContainerItemProxy */;
		};
/* End PBXTargetDependency section */

/* Begin PBXVariantGroup section */
		DD558F0F22452C0D0002AC1A /* Main.storyboard */ = {
			isa = PBXVariantGroup;
			children = (
				DD558F1022452C0D0002AC1A /* Base */,
			);
			name = Main.storyboard;
			sourceTree = "<group>";
		};
		DD558F1422452C0E0002AC1A /* LaunchScreen.storyboard */ = {
			isa = PBXVariantGroup;
			children = (
				DD558F1522452C0E0002AC1A /* Base */,
			);
			name = LaunchScreen.storyboard;
			sourceTree = "<group>";
		};
/* End PBXVariantGroup section */

/* Begin XCBuildConfiguration section */
		DD558F2322452C0F0002AC1A /* Debug */ = {
			isa = XCBuildConfiguration;
			buildSettings = {
				ALWAYS_SEARCH_USER_PATHS = NO;
				CLANG_ANALYZER_NONNULL = YES;
				CLANG_ANALYZER_NUMBER_OBJECT_CONVERSION = YES_AGGRESSIVE;
				CLANG_CXX_LANGUAGE_STANDARD = "gnu++14";
				CLANG_CXX_LIBRARY = "libc++";
				CLANG_ENABLE_MODULES = YES;
				CLANG_ENABLE_OBJC_ARC = YES;
				CLANG_ENABLE_OBJC_WEAK = YES;
				CLANG_WARN_BLOCK_CAPTURE_AUTORELEASING = YES;
				CLANG_WARN_BOOL_CONVERSION = YES;
				CLANG_WARN_COMMA = YES;
				CLANG_WARN_CONSTANT_CONVERSION = YES;
				CLANG_WARN_DEPRECATED_OBJC_IMPLEMENTATIONS = YES;
				CLANG_WARN_DIRECT_OBJC_ISA_USAGE = YES_ERROR;
				CLANG_WARN_DOCUMENTATION_COMMENTS = YES;
				CLANG_WARN_EMPTY_BODY = YES;
				CLANG_WARN_ENUM_CONVERSION = YES;
				CLANG_WARN_INFINITE_RECURSION = YES;
				CLANG_WARN_INT_CONVERSION = YES;
				CLANG_WARN_NON_LITERAL_NULL_CONVERSION = YES;
				CLANG_WARN_OBJC_IMPLICIT_RETAIN_SELF = YES;
				CLANG_WARN_OBJC_LITERAL_CONVERSION = YES;
				CLANG_WARN_OBJC_ROOT_CLASS = YES_ERROR;
				CLANG_WARN_RANGE_LOOP_ANALYSIS = YES;
				CLANG_WARN_STRICT_PROTOTYPES = YES;
				CLANG_WARN_SUSPICIOUS_MOVE = YES;
				CLANG_WARN_UNGUARDED_AVAILABILITY = YES_AGGRESSIVE;
				CLANG_WARN_UNREACHABLE_CODE = YES;
				CLANG_WARN__DUPLICATE_METHOD_MATCH = YES;
				CODE_SIGN_IDENTITY = "iPhone Developer";
				COPY_PHASE_STRIP = NO;
				DEBUG_INFORMATION_FORMAT = dwarf;
				ENABLE_STRICT_OBJC_MSGSEND = YES;
				ENABLE_TESTABILITY = YES;
				GCC_C_LANGUAGE_STANDARD = gnu11;
				GCC_DYNAMIC_NO_PIC = NO;
				GCC_NO_COMMON_BLOCKS = YES;
				GCC_OPTIMIZATION_LEVEL = 0;
				GCC_PREPROCESSOR_DEFINITIONS = (
					"DEBUG=1",
					"$(inherited)",
				);
				GCC_WARN_64_TO_32_BIT_CONVERSION = YES;
				GCC_WARN_ABOUT_RETURN_TYPE = YES_ERROR;
				GCC_WARN_UNDECLARED_SELECTOR = YES;
				GCC_WARN_UNINITIALIZED_AUTOS = YES_AGGRESSIVE;
				GCC_WARN_UNUSED_FUNCTION = YES;
				GCC_WARN_UNUSED_VARIABLE = YES;
				IPHONEOS_DEPLOYMENT_TARGET = 12.1;
				MTL_ENABLE_DEBUG_INFO = INCLUDE_SOURCE;
				MTL_FAST_MATH = YES;
				ONLY_ACTIVE_ARCH = YES;
				SDKROOT = iphoneos;
				SWIFT_ACTIVE_COMPILATION_CONDITIONS = DEBUG;
				SWIFT_OPTIMIZATION_LEVEL = "-Onone";
			};
			name = Debug;
		};
		DD558F2422452C0F0002AC1A /* Release */ = {
			isa = XCBuildConfiguration;
			buildSettings = {
				ALWAYS_SEARCH_USER_PATHS = NO;
				CLANG_ANALYZER_NONNULL = YES;
				CLANG_ANALYZER_NUMBER_OBJECT_CONVERSION = YES_AGGRESSIVE;
				CLANG_CXX_LANGUAGE_STANDARD = "gnu++14";
				CLANG_CXX_LIBRARY = "libc++";
				CLANG_ENABLE_MODULES = YES;
				CLANG_ENABLE_OBJC_ARC = YES;
				CLANG_ENABLE_OBJC_WEAK = YES;
				CLANG_WARN_BLOCK_CAPTURE_AUTORELEASING = YES;
				CLANG_WARN_BOOL_CONVERSION = YES;
				CLANG_WARN_COMMA = YES;
				CLANG_WARN_CONSTANT_CONVERSION = YES;
				CLANG_WARN_DEPRECATED_OBJC_IMPLEMENTATIONS = YES;
				CLANG_WARN_DIRECT_OBJC_ISA_USAGE = YES_ERROR;
				CLANG_WARN_DOCUMENTATION_COMMENTS = YES;
				CLANG_WARN_EMPTY_BODY = YES;
				CLANG_WARN_ENUM_CONVERSION = YES;
				CLANG_WARN_INFINITE_RECURSION = YES;
				CLANG_WARN_INT_CONVERSION = YES;
				CLANG_WARN_NON_LITERAL_NULL_CONVERSION = YES;
				CLANG_WARN_OBJC_IMPLICIT_RETAIN_SELF = YES;
				CLANG_WARN_OBJC_LITERAL_CONVERSION = YES;
				CLANG_WARN_OBJC_ROOT_CLASS = YES_ERROR;
				CLANG_WARN_RANGE_LOOP_ANALYSIS = YES;
				CLANG_WARN_STRICT_PROTOTYPES = YES;
				CLANG_WARN_SUSPICIOUS_MOVE = YES;
				CLANG_WARN_UNGUARDED_AVAILABILITY = YES_AGGRESSIVE;
				CLANG_WARN_UNREACHABLE_CODE = YES;
				CLANG_WARN__DUPLICATE_METHOD_MATCH = YES;
				CODE_SIGN_IDENTITY = "iPhone Developer";
				COPY_PHASE_STRIP = NO;
				DEBUG_INFORMATION_FORMAT = "dwarf-with-dsym";
				ENABLE_NS_ASSERTIONS = NO;
				ENABLE_STRICT_OBJC_MSGSEND = YES;
				GCC_C_LANGUAGE_STANDARD = gnu11;
				GCC_NO_COMMON_BLOCKS = YES;
				GCC_WARN_64_TO_32_BIT_CONVERSION = YES;
				GCC_WARN_ABOUT_RETURN_TYPE = YES_ERROR;
				GCC_WARN_UNDECLARED_SELECTOR = YES;
				GCC_WARN_UNINITIALIZED_AUTOS = YES_AGGRESSIVE;
				GCC_WARN_UNUSED_FUNCTION = YES;
				GCC_WARN_UNUSED_VARIABLE = YES;
				IPHONEOS_DEPLOYMENT_TARGET = 12.1;
				MTL_ENABLE_DEBUG_INFO = NO;
				MTL_FAST_MATH = YES;
				SDKROOT = iphoneos;
				SWIFT_COMPILATION_MODE = wholemodule;
				SWIFT_OPTIMIZATION_LEVEL = "-O";
				VALIDATE_PRODUCT = YES;
			};
			name = Release;
		};
		DD558F2622452C0F0002AC1A /* Debug */ = {
			isa = XCBuildConfiguration;
			buildSettings = {
				ASSETCATALOG_COMPILER_APPICON_NAME = AppIcon;
				CODE_SIGN_STYLE = Automatic;
				INFOPLIST_FILE = FoodTracker/Info.plist;
				LD_RUNPATH_SEARCH_PATHS = (
					"$(inherited)",
					"@executable_path/Frameworks",
				);
				PRODUCT_BUNDLE_IDENTIFIER = com.example.FoodTracker;
				PRODUCT_NAME = "$(TARGET_NAME)";
				SWIFT_VERSION = 4.2;
				TARGETED_DEVICE_FAMILY = "1,2";
			};
			name = Debug;
		};
		DD558F2722452C0F0002AC1A /* Release */ = {
			isa = XCBuildConfiguration;
			buildSettings = {
				ASSETCATALOG_COMPILER_APPICON_NAME = AppIcon;
				CODE_SIGN_STYLE = Automatic;
				INFOPLIST_FILE = FoodTracker/Info.plist;
				LD_RUNPATH_SEARCH_PATHS = (
					"$(inherited)",
					"@executable_path/Frameworks",
				);
				PRODUCT_BUNDLE_IDENTIFIER = com.example.FoodTracker;
				PRODUCT_NAME = "$(TARGET_NAME)";
				SWIFT_VERSION = 4.2;
				TARGETED_DEVICE_FAMILY = "1,2";
			};
			name = Release;
		};
		DD558F2922452C0F0002AC1A /* Debug */ = {
			isa = XCBuildConfiguration;
			buildSettings = {
				ALWAYS_EMBED_SWIFT_STANDARD_LIBRARIES = YES;
				BUNDLE_LOADER = "$(TEST_HOST)";
				CODE_SIGN_STYLE = Automatic;
				INFOPLIST_FILE = FoodTrackerTests/Info.plist;
				LD_RUNPATH_SEARCH_PATHS = (
					"$(inherited)",
					"@executable_path/Frameworks",
					"@loader_path/Frameworks",
				);
				PRODUCT_BUNDLE_IDENTIFIER = com.example.FoodTrackerTests;
				PRODUCT_NAME = "$(TARGET_NAME)";
				SWIFT_VERSION = 4.2;
				TARGETED_DEVICE_FAMILY = "1,2";
				TEST_HOST = "$(BUILT_PRODUCTS_DIR)/FoodTracker.app/FoodTracker";
			};
			name = Debug;
		};
		DD558F2A22452C0F0002AC1A /* Release */ = {
			isa = XCBuildConfiguration;
			buildSettings = {
				ALWAYS_EMBED_SWIFT_STANDARD_LIBRARIES = YES;
				BUNDLE_LOADER = "$(TEST_HOST)";
				CODE_SIGN_STYLE = Automatic;
				INFOPLIST_FILE = FoodTrackerTests/Info.plist;
				LD_RUNPATH_SEARCH_PATHS = (
					"$(inherited)",
					"@executable_path/Frameworks",
					"@loader_path/Frameworks",
				);
				PRODUCT_BUNDLE_IDENTIFIER = com.example.FoodTrackerTests;
				PRODUCT_NAME = "$(TARGET_NAME)";
				SWIFT_VERSION = 4.2;
				TARGETED_DEVICE_FAMILY = "1,2";
				TEST_HOST = "$(BUILT_PRODUCTS_DIR)/FoodTracker.app/FoodTracker";
			};
			name = Release;
		};
/* End XCBuildConfiguration section */

/* Begin XCConfigurationList section */
		DD558F0322452C0D0002AC1A /* Build configuration list for PBXProject "FoodTracker" */ = {
			isa = XCConfigurationList;
			buildConfigurations = (
				DD558F2322452C0F0002AC1A /* Debug */,
				DD558F2422452C0F0002AC1A /* Release */,
			);
			defaultConfigurationIsVisible = 0;
			defaultConfigurationName = Release;
		};
		DD558F2522452C0F0002AC1A /* Build configuration list for PBXNativeTarget "FoodTracker" */ = {
			isa = XCConfigurationList;
			buildConfigurations = (
				DD558F2622452C0F0002AC1A /* Debug */,
				DD558F2722452C0F0002AC1A /* Release */,
			);
			defaultConfigurationIsVisible = 0;
			defaultConfigurationName = Release;
		};
		DD558F2822452C0F0002AC1A /* Build configuration list for PBXNativeTarget "FoodTrackerTests" */ = {
			isa = XCConfigurationList;
			buildConfigurations = (
				DD558F2922452C0F0002AC1A /* Debug */,
				DD558F2A22452C0F0002AC1A /* Release */,
			);
			defaultConfigurationIsVisible = 0;
			defaultConfigurationName = Release;
		};
/* End XCConfigurationList section */
	};
	rootObject = DD558F0022452C0D0002AC1A /* Project object */;
}
